
Microsoft Visual Studio Solution File, Format Version 12.00
# Visual Studio Version 16
VisualStudioVersion = 16.0.29926.136
MinimumVisualStudioVersion = 10.0.40219.1
Project("{FAE04EC0-301F-11D3-BF4B-00C04F79EFBC}") = "ApiPaginationCaller", "ApiPaginationCaller\ApiPaginationCaller.csproj", "{174901D4-1E45-4153-9893-C2F19A2AA987}"
EndProject
Global
	GlobalSection(SolutionConfigurationPlatforms) = preSolution
		Debug|Any CPU = Debug|Any CPU
		Release|Any CPU = Release|Any CPU
	EndGlobalSection
	GlobalSection(ProjectConfigurationPlatforms) = postSolution
		{174901D4-1E45-4153-9893-C2F19A2AA987}.Debug|Any CPU.ActiveCfg = Debug|Any CPU
		{174901D4-1E45-4153-9893-C2F19A2AA987}.Debug|Any CPU.Build.0 = Debug|Any CPU
		{174901D4-1E45-4153-9893-C2F19A2AA987}.Release|Any CPU.ActiveCfg = Release|Any CPU
		{174901D4-1E45-4153-9893-C2F19A2AA987}.Release|Any CPU.Build.0 = Release|Any CPU
	EndGlobalSection
	GlobalSection(SolutionProperties) = preSolution
		HideSolutionNode = FALSE
	EndGlobalSection
	GlobalSection(ExtensibilityGlobals) = postSolution
		SolutionGuid = {1D469E0A-ACAE-4BC7-931B-3006794254E9}
	EndGlobalSection
EndGlobal
